
Microsoft Visual Studio Solution File, Format Version 12.00
# Visual Studio 15
VisualStudioVersion = 15.0.27130.2010
MinimumVisualStudioVersion = 10.0.40219.1
Project("{FAE04EC0-301F-11D3-BF4B-00C04F79EFBC}") = "CodeChallenge8.PasswordGenerator", "CodeChallenge8.PasswordGenerator.csproj", "{849F3263-8EF0-4985-90B1-EF86420B891A}"
EndProject
Project("{FAE04EC0-301F-11D3-BF4B-00C04F79EFBC}") = "CodeChallenge8.Tests", "..\CodeChallenge8.Tests\CodeChallenge8.Tests.csproj", "{AFD09036-86AA-423D-AE51-9AF010E96EDB}"
EndProject
Global
	GlobalSection(SolutionConfigurationPlatforms) = preSolution
		Debug|Any CPU = Debug|Any CPU
		Release|Any CPU = Release|Any CPU
	EndGlobalSection
	GlobalSection(ProjectConfigurationPlatforms) = postSolution
		{849F3263-8EF0-4985-90B1-EF86420B891A}.Debug|Any CPU.ActiveCfg = Debug|Any CPU
		{849F3263-8EF0-4985-90B1-EF86420B891A}.Debug|Any CPU.Build.0 = Debug|Any CPU
		{849F3263-8EF0-4985-90B1-EF86420B891A}.Release|Any CPU.ActiveCfg = Release|Any CPU
		{849F3263-8EF0-4985-90B1-EF86420B891A}.Release|Any CPU.Build.0 = Release|Any CPU
		{AFD09036-86AA-423D-AE51-9AF010E96EDB}.Debug|Any CPU.ActiveCfg = Debug|Any CPU
		{AFD09036-86AA-423D-AE51-9AF010E96EDB}.Debug|Any CPU.Build.0 = Debug|Any CPU
		{AFD09036-86AA-423D-AE51-9AF010E96EDB}.Release|Any CPU.ActiveCfg = Release|Any CPU
		{AFD09036-86AA-423D-AE51-9AF010E96EDB}.Release|Any CPU.Build.0 = Release|Any CPU
	EndGlobalSection
	GlobalSection(SolutionProperties) = preSolution
		HideSolutionNode = FALSE
	EndGlobalSection
	GlobalSection(ExtensibilityGlobals) = postSolution
		SolutionGuid = {AD20EC4B-7A41-429A-B38D-FE5CE402252D}
	EndGlobalSection
EndGlobal
